
Microsoft Visual Studio Solution File, Format Version 12.00
# Visual Studio Version 16
VisualStudioVersion = 16.0.31624.102
MinimumVisualStudioVersion = 10.0.40219.1
Project("{FAE04EC0-301F-11D3-BF4B-00C04F79EFBC}") = "Project", "Project\Project.csproj", "{F22027BC-0E44-4E06-8B38-A638963F64D7}"
EndProject
Global
	GlobalSection(SolutionConfigurationPlatforms) = preSolution
		Debug|Any CPU = Debug|Any CPU
		Release|Any CPU = Release|Any CPU
	EndGlobalSection
	GlobalSection(ProjectConfigurationPlatforms) = postSolution
		{F22027BC-0E44-4E06-8B38-A638963F64D7}.Debug|Any CPU.ActiveCfg = Debug|Any CPU
		{F22027BC-0E44-4E06-8B38-A638963F64D7}.Debug|Any CPU.Build.0 = Debug|Any CPU
		{F22027BC-0E44-4E06-8B38-A638963F64D7}.Release|Any CPU.ActiveCfg = Release|Any CPU
		{F22027BC-0E44-4E06-8B38-A638963F64D7}.Release|Any CPU.Build.0 = Release|Any CPU
	EndGlobalSection
	GlobalSection(SolutionProperties) = preSolution
		HideSolutionNode = FALSE
	EndGlobalSection
	GlobalSection(ExtensibilityGlobals) = postSolution
		SolutionGuid = {A5ED8F5A-5348-4EED-BECF-BB6A271686A2}
	EndGlobalSection
EndGlobal
